// !$*UTF8*$!
{
	archiveVersion = 1;
	classes = {
	};
	objectVersion = 46;
	objects = {

/* Begin PBXBuildFile section */
		14C73A4615C917F9006247D8 /* UIKit.framework in Frameworks */ = {isa = PBXBuildFile; fileRef = 14C73A4515C917F9006247D8 /* UIKit.framework */; };
		14C73A4815C917F9006247D8 /* Foundation.framework in Frameworks */ = {isa = PBXBuildFile; fileRef = 14C73A4715C917F9006247D8 /* Foundation.framework */; };
		14C73A4A15C917F9006247D8 /* CoreGraphics.framework in Frameworks */ = {isa = PBXBuildFile; fileRef = 14C73A4915C917F9006247D8 /* CoreGraphics.framework */; };
		14C73A5015C917F9006247D8 /* InfoPlist.strings in Resources */ = {isa = PBXBuildFile; fileRef = 14C73A4E15C917F9006247D8 /* InfoPlist.strings */; };
		14C73A5215C917F9006247D8 /* main.m in Sources */ = {isa = PBXBuildFile; fileRef = 14C73A5115C917F9006247D8 /* main.m */; };
		14C73A5615C917F9006247D8 /* PushViewTestAppDelegate.m in Sources */ = {isa = PBXBuildFile; fileRef = 14C73A5515C917F9006247D8 /* PushViewTestAppDelegate.m */; };
		14C73A5915C917F9006247D8 /* MainStoryboard.storyboard in Resources */ = {isa = PBXBuildFile; fileRef = 14C73A5715C917F9006247D8 /* MainStoryboard.storyboard */; };
		14C73A5C15C917F9006247D8 /* PushViewTestViewController.m in Sources */ = {isa = PBXBuildFile; fileRef = 14C73A5B15C917F9006247D8 /* PushViewTestViewController.m */; };
		14C73A7015C9228A006247D8 /* NextViewController.m in Sources */ = {isa = PBXBuildFile; fileRef = 14C73A6F15C9228A006247D8 /* NextViewController.m */; };
/* End PBXBuildFile section */

/* Begin PBXFileReference section */
		14C73A4115C917F9006247D8 /* PushViewTest.app */ = {isa = PBXFileReference; explicitFileType = wrapper.application; includeInIndex = 0; path = PushViewTest.app; sourceTree = BUILT_PRODUCTS_DIR; };
		14C73A4515C917F9006247D8 /* UIKit.framework */ = {isa = PBXFileReference; lastKnownFileType = wrapper.framework; name = UIKit.framework; path = System/Library/Frameworks/UIKit.framework; sourceTree = SDKROOT; };
		14C73A4715C917F9006247D8 /* Foundation.framework */ = {isa = PBXFileReference; lastKnownFileType = wrapper.framework; name = Foundation.framework; path = System/Library/Frameworks/Foundation.framework; sourceTree = SDKROOT; };
		14C73A4915C917F9006247D8 /* CoreGraphics.framework */ = {isa = PBXFileReference; lastKnownFileType = wrapper.framework; name = CoreGraphics.framework; path = System/Library/Frameworks/CoreGraphics.framework; sourceTree = SDKROOT; };
		14C73A4D15C917F9006247D8 /* PushViewTest-Info.plist */ = {isa = PBXFileReference; lastKnownFileType = text.plist.xml; path = "PushViewTest-Info.plist"; sourceTree = "<group>"; };
		14C73A4F15C917F9006247D8 /* en */ = {isa = PBXFileReference; lastKnownFileType = text.plist.strings; name = en; path = en.lproj/InfoPlist.strings; sourceTree = "<group>"; };
		14C73A5115C917F9006247D8 /* main.m */ = {isa = PBXFileReference; lastKnownFileType = sourcecode.c.objc; path = main.m; sourceTree = "<group>"; };
		14C73A5315C917F9006247D8 /* PushViewTest-Prefix.pch */ = {isa = PBXFileReference; lastKnownFileType = sourcecode.c.h; path = "PushViewTest-Prefix.pch"; sourceTree = "<group>"; };
		14C73A5415C917F9006247D8 /* PushViewTestAppDelegate.h */ = {isa = PBXFileReference; lastKnownFileType = sourcecode.c.h; path = PushViewTestAppDelegate.h; sourceTree = "<group>"; };
		14C73A5515C917F9006247D8 /* PushViewTestAppDelegate.m */ = {isa = PBXFileReference; lastKnownFileType = sourcecode.c.objc; path = PushViewTestAppDelegate.m; sourceTree = "<group>"; };
		14C73A5815C917F9006247D8 /* en */ = {isa = PBXFileReference; lastKnownFileType = file.storyboard; name = en; path = en.lproj/MainStoryboard.storyboard; sourceTree = "<group>"; };
		14C73A5A15C917F9006247D8 /* PushViewTestViewController.h */ = {isa = PBXFileReference; lastKnownFileType = sourcecode.c.h; path = PushViewTestViewController.h; sourceTree = "<group>"; };
		14C73A5B15C917F9006247D8 /* PushViewTestViewController.m */ = {isa = PBXFileReference; lastKnownFileType = sourcecode.c.objc; path = PushViewTestViewController.m; sourceTree = "<group>"; };
		14C73A6E15C9228A006247D8 /* NextViewController.h */ = {isa = PBXFileReference; fileEncoding = 4; lastKnownFileType = sourcecode.c.h; path = NextViewController.h; sourceTree = "<group>"; };
		14C73A6F15C9228A006247D8 /* NextViewController.m */ = {isa = PBXFileReference; fileEncoding = 4; lastKnownFileType = sourcecode.c.objc; path = NextViewController.m; sourceTree = "<group>"; };
/* End PBXFileReference section */

/* Begin PBXFrameworksBuildPhase section */
		14C73A3E15C917F9006247D8 /* Frameworks */ = {
			isa = PBXFrameworksBuildPhase;
			buildActionMask = 2147483647;
			files = (
				14C73A4615C917F9006247D8 /* UIKit.framework in Frameworks */,
				14C73A4815C917F9006247D8 /* Foundation.framework in Frameworks */,
				14C73A4A15C917F9006247D8 /* CoreGraphics.framework in Frameworks */,
			);
			runOnlyForDeploymentPostprocessing = 0;
		};
/* End PBXFrameworksBuildPhase section */

/* Begin PBXGroup section */
		14C73A3615C917F9006247D8 = {
			isa = PBXGroup;
			children = (
				14C73A4B15C917F9006247D8 /* PushViewTest */,
				14C73A4415C917F9006247D8 /* Frameworks */,
				14C73A4215C917F9006247D8 /* Products */,
			);
			sourceTree = "<group>";
		};
		14C73A4215C917F9006247D8 /* Products */ = {
			isa = PBXGroup;
			children = (
				14C73A4115C917F9006247D8 /* PushViewTest.app */,
			);
			name = Products;
			sourceTree = "<group>";
		};
		14C73A4415C917F9006247D8 /* Frameworks */ = {
			isa = PBXGroup;
			children = (
				14C73A4515C917F9006247D8 /* UIKit.framework */,
				14C73A4715C917F9006247D8 /* Foundation.framework */,
				14C73A4915C917F9006247D8 /* CoreGraphics.framework */,
			);
			name = Frameworks;
			sourceTree = "<group>";
		};
		14C73A4B15C917F9006247D8 /* PushViewTest */ = {
			isa = PBXGroup;
			children = (
				14C73A6E15C9228A006247D8 /* NextViewController.h */,
				14C73A6F15C9228A006247D8 /* NextViewController.m */,
				14C73A5415C917F9006247D8 /* PushViewTestAppDelegate.h */,
				14C73A5515C917F9006247D8 /* PushViewTestAppDelegate.m */,
				14C73A5715C917F9006247D8 /* MainStoryboard.storyboard */,
				14C73A5A15C917F9006247D8 /* PushViewTestViewController.h */,
				14C73A5B15C917F9006247D8 /* PushViewTestViewController.m */,
				14C73A4C15C917F9006247D8 /* Supporting Files */,
			);
			path = PushViewTest;
			sourceTree = "<group>";
		};
		14C73A4C15C917F9006247D8 /* Supporting Files */ = {
			isa = PBXGroup;
			children = (
				14C73A4D15C917F9006247D8 /* PushViewTest-Info.plist */,
				14C73A4E15C917F9006247D8 /* InfoPlist.strings */,
				14C73A5115C917F9006247D8 /* main.m */,
				14C73A5315C917F9006247D8 /* PushViewTest-Prefix.pch */,
			);
			name = "Supporting Files";
			sourceTree = "<group>";
		};
/* End PBXGroup section */

/* Begin PBXNativeTarget section */
		14C73A4015C917F9006247D8 /* PushViewTest */ = {
			isa = PBXNativeTarget;
			buildConfigurationList = 14C73A5F15C917F9006247D8 /* Build configuration list for PBXNativeTarget "PushViewTest" */;
			buildPhases = (
				14C73A3D15C917F9006247D8 /* Sources */,
				14C73A3E15C917F9006247D8 /* Frameworks */,
				14C73A3F15C917F9006247D8 /* Resources */,
			);
			buildRules = (
			);
			dependencies = (
			);
			name = PushViewTest;
			productName = PushViewTest;
			productReference = 14C73A4115C917F9006247D8 /* PushViewTest.app */;
			productType = "com.apple.product-type.application";
		};
/* End PBXNativeTarget section */

/* Begin PBXProject section */
		14C73A3815C917F9006247D8 /* Project object */ = {
			isa = PBXProject;
			attributes = {
				CLASSPREFIX = PushViewTest;
				LastUpgradeCheck = 0430;
			};
			buildConfigurationList = 14C73A3B15C917F9006247D8 /* Build configuration list for PBXProject "PushViewTest" */;
			compatibilityVersion = "Xcode 3.2";
			developmentRegion = English;
			hasScannedForEncodings = 0;
			knownRegions = (
				en,
			);
			mainGroup = 14C73A3615C917F9006247D8;
			productRefGroup = 14C73A4215C917F9006247D8 /* Products */;
			projectDirPath = "";
			projectRoot = "";
			targets = (
				14C73A4015C917F9006247D8 /* PushViewTest */,
			);
		};
/* End PBXProject section */

/* Begin PBXResourcesBuildPhase section */
		14C73A3F15C917F9006247D8 /* Resources */ = {
			isa = PBXResourcesBuildPhase;
			buildActionMask = 2147483647;
			files = (
				14C73A5015C917F9006247D8 /* InfoPlist.strings in Resources */,
				14C73A5915C917F9006247D8 /* MainStoryboard.storyboard in Resources */,
			);
			runOnlyForDeploymentPostprocessing = 0;
		};
/* End PBXResourcesBuildPhase section */

/* Begin PBXSourcesBuildPhase section */
		14C73A3D15C917F9006247D8 /* Sources */ = {
			isa = PBXSourcesBuildPhase;
			buildActionMask = 2147483647;
			files = (
				14C73A5215C917F9006247D8 /* main.m in Sources */,
				14C73A5615C917F9006247D8 /* PushViewTestAppDelegate.m in Sources */,
				14C73A5C15C917F9006247D8 /* PushViewTestViewController.m in Sources */,
				14C73A7015C9228A006247D8 /* NextViewController.m in Sources */,
			);
			runOnlyForDeploymentPostprocessing = 0;
		};
/* End PBXSourcesBuildPhase section */

/* Begin PBXVariantGroup section */
		14C73A4E15C917F9006247D8 /* InfoPlist.strings */ = {
			isa = PBXVariantGroup;
			children = (
				14C73A4F15C917F9006247D8 /* en */,
			);
			name = InfoPlist.strings;
			sourceTree = "<group>";
		};
		14C73A5715C917F9006247D8 /* MainStoryboard.storyboard */ = {
			isa = PBXVariantGroup;
			children = (
				14C73A5815C917F9006247D8 /* en */,
			);
			name = MainStoryboard.storyboard;
			sourceTree = "<group>";
		};
/* End PBXVariantGroup section */

/* Begin XCBuildConfiguration section */
		14C73A5D15C917F9006247D8 /* Debug */ = {
			isa = XCBuildConfiguration;
			buildSettings = {
				ALWAYS_SEARCH_USER_PATHS = NO;
				ARCHS = "$(ARCHS_STANDARD_32_BIT)";
				CLANG_ENABLE_OBJC_ARC = YES;
				"CODE_SIGN_IDENTITY[sdk=iphoneos*]" = "iPhone Developer";
				COPY_PHASE_STRIP = NO;
				GCC_C_LANGUAGE_STANDARD = gnu99;
				GCC_DYNAMIC_NO_PIC = NO;
				GCC_OPTIMIZATION_LEVEL = 0;
				GCC_PREPROCESSOR_DEFINITIONS = (
					"DEBUG=1",
					"$(inherited)",
				);
				GCC_SYMBOLS_PRIVATE_EXTERN = NO;
				GCC_VERSION = com.apple.compilers.llvm.clang.1_0;
				GCC_WARN_ABOUT_RETURN_TYPE = YES;
				GCC_WARN_UNINITIALIZED_AUTOS = YES;
				GCC_WARN_UNUSED_VARIABLE = YES;
				IPHONEOS_DEPLOYMENT_TARGET = 5.1;
				SDKROOT = iphoneos;
			};
			name = Debug;
		};
		14C73A5E15C917F9006247D8 /* Release */ = {
			isa = XCBuildConfiguration;
			buildSettings = {
				ALWAYS_SEARCH_USER_PATHS = NO;
				ARCHS = "$(ARCHS_STANDARD_32_BIT)";
				CLANG_ENABLE_OBJC_ARC = YES;
				"CODE_SIGN_IDENTITY[sdk=iphoneos*]" = "iPhone Developer";
				COPY_PHASE_STRIP = YES;
				GCC_C_LANGUAGE_STANDARD = gnu99;
				GCC_VERSION = com.apple.compilers.llvm.clang.1_0;
				GCC_WARN_ABOUT_RETURN_TYPE = YES;
				GCC_WARN_UNINITIALIZED_AUTOS = YES;
				GCC_WARN_UNUSED_VARIABLE = YES;
				IPHONEOS_DEPLOYMENT_TARGET = 5.1;
				OTHER_CFLAGS = "-DNS_BLOCK_ASSERTIONS=1";
				SDKROOT = iphoneos;
				VALIDATE_PRODUCT = YES;
			};
			name = Release;
		};
		14C73A6015C917F9006247D8 /* Debug */ = {
			isa = XCBuildConfiguration;
			buildSettings = {
				GCC_PRECOMPILE_PREFIX_HEADER = YES;
				GCC_PREFIX_HEADER = "PushViewTest/PushViewTest-Prefix.pch";
				INFOPLIST_FILE = "PushViewTest/PushViewTest-Info.plist";
				PRODUCT_NAME = "$(TARGET_NAME)";
				WRAPPER_EXTENSION = app;
			};
			name = Debug;
		};
		14C73A6115C917F9006247D8 /* Release */ = {
			isa = XCBuildConfiguration;
			buildSettings = {
				GCC_PRECOMPILE_PREFIX_HEADER = YES;
				GCC_PREFIX_HEADER = "PushViewTest/PushViewTest-Prefix.pch";
				INFOPLIST_FILE = "PushViewTest/PushViewTest-Info.plist";
				PRODUCT_NAME = "$(TARGET_NAME)";
				WRAPPER_EXTENSION = app;
			};
			name = Release;
		};
/* End XCBuildConfiguration section */

/* Begin XCConfigurationList section */
		14C73A3B15C917F9006247D8 /* Build configuration list for PBXProject "PushViewTest" */ = {
			isa = XCConfigurationList;
			buildConfigurations = (
				14C73A5D15C917F9006247D8 /* Debug */,
				14C73A5E15C917F9006247D8 /* Release */,
			);
			defaultConfigurationIsVisible = 0;
			defaultConfigurationName = Release;
		};
		14C73A5F15C917F9006247D8 /* Build configuration list for PBXNativeTarget "PushViewTest" */ = {
			isa = XCConfigurationList;
			buildConfigurations = (
				14C73A6015C917F9006247D8 /* Debug */,
				14C73A6115C917F9006247D8 /* Release */,
			);
			defaultConfigurationIsVisible = 0;
			defaultConfigurationName = Release;
		};
/* End XCConfigurationList section */
	};
	rootObject = 14C73A3815C917F9006247D8 /* Project object */;
}
