// !$*UTF8*$!
{
	archiveVersion = 1;
	classes = {
	};
	objectVersion = 46;
	objects = {

/* Begin PBXBuildFile section */
		14BE307115A84A0700506E18 /* Foundation.framework in Frameworks */ = {isa = PBXBuildFile; fileRef = 14BE307015A84A0700506E18 /* Foundation.framework */; };
		14BE307415A84A0700506E18 /* main.m in Sources */ = {isa = PBXBuildFile; fileRef = 14BE307315A84A0700506E18 /* main.m */; };
		14BE307815A84A0700506E18 /* _.1 in CopyFiles */ = {isa = PBXBuildFile; fileRef = 14BE307715A84A0700506E18 /* _.1 */; };
/* End PBXBuildFile section */

/* Begin PBXCopyFilesBuildPhase section */
		14BE306A15A84A0700506E18 /* CopyFiles */ = {
			isa = PBXCopyFilesBuildPhase;
			buildActionMask = 2147483647;
			dstPath = /usr/share/man/man1/;
			dstSubfolderSpec = 0;
			files = (
				14BE307815A84A0700506E18 /* _.1 in CopyFiles */,
			);
			runOnlyForDeploymentPostprocessing = 1;
		};
/* End PBXCopyFilesBuildPhase section */

/* Begin PBXFileReference section */
		14BE306C15A84A0700506E18 /* 8 */ = {isa = PBXFileReference; explicitFileType = "compiled.mach-o.executable"; includeInIndex = 0; path = 8; sourceTree = BUILT_PRODUCTS_DIR; };
		14BE307015A84A0700506E18 /* Foundation.framework */ = {isa = PBXFileReference; lastKnownFileType = wrapper.framework; name = Foundation.framework; path = System/Library/Frameworks/Foundation.framework; sourceTree = SDKROOT; };
		14BE307315A84A0700506E18 /* main.m */ = {isa = PBXFileReference; lastKnownFileType = sourcecode.c.objc; path = main.m; sourceTree = "<group>"; };
		14BE307615A84A0700506E18 /* 8-Prefix.pch */ = {isa = PBXFileReference; lastKnownFileType = sourcecode.c.h; path = "8-Prefix.pch"; sourceTree = "<group>"; };
		14BE307715A84A0700506E18 /* _.1 */ = {isa = PBXFileReference; lastKnownFileType = text.man; path = _.1; sourceTree = "<group>"; };
/* End PBXFileReference section */

/* Begin PBXFrameworksBuildPhase section */
		14BE306915A84A0700506E18 /* Frameworks */ = {
			isa = PBXFrameworksBuildPhase;
			buildActionMask = 2147483647;
			files = (
				14BE307115A84A0700506E18 /* Foundation.framework in Frameworks */,
			);
			runOnlyForDeploymentPostprocessing = 0;
		};
/* End PBXFrameworksBuildPhase section */

/* Begin PBXGroup section */
		14BE306115A84A0700506E18 = {
			isa = PBXGroup;
			children = (
				14BE307215A84A0700506E18 /* 8 */,
				14BE306F15A84A0700506E18 /* Frameworks */,
				14BE306D15A84A0700506E18 /* Products */,
			);
			sourceTree = "<group>";
		};
		14BE306D15A84A0700506E18 /* Products */ = {
			isa = PBXGroup;
			children = (
				14BE306C15A84A0700506E18 /* 8 */,
			);
			name = Products;
			sourceTree = "<group>";
		};
		14BE306F15A84A0700506E18 /* Frameworks */ = {
			isa = PBXGroup;
			children = (
				14BE307015A84A0700506E18 /* Foundation.framework */,
			);
			name = Frameworks;
			sourceTree = "<group>";
		};
		14BE307215A84A0700506E18 /* 8 */ = {
			isa = PBXGroup;
			children = (
				14BE307315A84A0700506E18 /* main.m */,
				14BE307715A84A0700506E18 /* _.1 */,
				14BE307515A84A0700506E18 /* Supporting Files */,
			);
			path = 8;
			sourceTree = "<group>";
		};
		14BE307515A84A0700506E18 /* Supporting Files */ = {
			isa = PBXGroup;
			children = (
				14BE307615A84A0700506E18 /* 8-Prefix.pch */,
			);
			name = "Supporting Files";
			sourceTree = "<group>";
		};
/* End PBXGroup section */

/* Begin PBXNativeTarget section */
		14BE306B15A84A0700506E18 /* 8 */ = {
			isa = PBXNativeTarget;
			buildConfigurationList = 14BE307B15A84A0700506E18 /* Build configuration list for PBXNativeTarget "8" */;
			buildPhases = (
				14BE306815A84A0700506E18 /* Sources */,
				14BE306915A84A0700506E18 /* Frameworks */,
				14BE306A15A84A0700506E18 /* CopyFiles */,
			);
			buildRules = (
			);
			dependencies = (
			);
			name = 8;
			productName = 8;
			productReference = 14BE306C15A84A0700506E18 /* 8 */;
			productType = "com.apple.product-type.tool";
		};
/* End PBXNativeTarget section */

/* Begin PBXProject section */
		14BE306315A84A0700506E18 /* Project object */ = {
			isa = PBXProject;
			attributes = {
				LastUpgradeCheck = 0430;
			};
			buildConfigurationList = 14BE306615A84A0700506E18 /* Build configuration list for PBXProject "8" */;
			compatibilityVersion = "Xcode 3.2";
			developmentRegion = English;
			hasScannedForEncodings = 0;
			knownRegions = (
				en,
			);
			mainGroup = 14BE306115A84A0700506E18;
			productRefGroup = 14BE306D15A84A0700506E18 /* Products */;
			projectDirPath = "";
			projectRoot = "";
			targets = (
				14BE306B15A84A0700506E18 /* 8 */,
			);
		};
/* End PBXProject section */

/* Begin PBXSourcesBuildPhase section */
		14BE306815A84A0700506E18 /* Sources */ = {
			isa = PBXSourcesBuildPhase;
			buildActionMask = 2147483647;
			files = (
				14BE307415A84A0700506E18 /* main.m in Sources */,
			);
			runOnlyForDeploymentPostprocessing = 0;
		};
/* End PBXSourcesBuildPhase section */

/* Begin XCBuildConfiguration section */
		14BE307915A84A0700506E18 /* Debug */ = {
			isa = XCBuildConfiguration;
			buildSettings = {
				ALWAYS_SEARCH_USER_PATHS = NO;
				ARCHS = "$(ARCHS_STANDARD_64_BIT)";
				CLANG_ENABLE_OBJC_ARC = YES;
				COPY_PHASE_STRIP = NO;
				GCC_C_LANGUAGE_STANDARD = gnu99;
				GCC_DYNAMIC_NO_PIC = NO;
				GCC_ENABLE_OBJC_EXCEPTIONS = YES;
				GCC_OPTIMIZATION_LEVEL = 0;
				GCC_PREPROCESSOR_DEFINITIONS = (
					"DEBUG=1",
					"$(inherited)",
				);
				GCC_SYMBOLS_PRIVATE_EXTERN = NO;
				GCC_VERSION = com.apple.compilers.llvm.clang.1_0;
				GCC_WARN_64_TO_32_BIT_CONVERSION = YES;
				GCC_WARN_ABOUT_RETURN_TYPE = YES;
				GCC_WARN_UNINITIALIZED_AUTOS = YES;
				GCC_WARN_UNUSED_VARIABLE = YES;
				MACOSX_DEPLOYMENT_TARGET = 10.7;
				ONLY_ACTIVE_ARCH = YES;
				SDKROOT = macosx;
			};
			name = Debug;
		};
		14BE307A15A84A0700506E18 /* Release */ = {
			isa = XCBuildConfiguration;
			buildSettings = {
				ALWAYS_SEARCH_USER_PATHS = NO;
				ARCHS = "$(ARCHS_STANDARD_64_BIT)";
				CLANG_ENABLE_OBJC_ARC = YES;
				COPY_PHASE_STRIP = YES;
				DEBUG_INFORMATION_FORMAT = "dwarf-with-dsym";
				GCC_C_LANGUAGE_STANDARD = gnu99;
				GCC_ENABLE_OBJC_EXCEPTIONS = YES;
				GCC_VERSION = com.apple.compilers.llvm.clang.1_0;
				GCC_WARN_64_TO_32_BIT_CONVERSION = YES;
				GCC_WARN_ABOUT_RETURN_TYPE = YES;
				GCC_WARN_UNINITIALIZED_AUTOS = YES;
				GCC_WARN_UNUSED_VARIABLE = YES;
				MACOSX_DEPLOYMENT_TARGET = 10.7;
				SDKROOT = macosx;
			};
			name = Release;
		};
		14BE307C15A84A0700506E18 /* Debug */ = {
			isa = XCBuildConfiguration;
			buildSettings = {
				GCC_PRECOMPILE_PREFIX_HEADER = YES;
				GCC_PREFIX_HEADER = "8/8-Prefix.pch";
				PRODUCT_NAME = "$(TARGET_NAME)";
			};
			name = Debug;
		};
		14BE307D15A84A0700506E18 /* Release */ = {
			isa = XCBuildConfiguration;
			buildSettings = {
				GCC_PRECOMPILE_PREFIX_HEADER = YES;
				GCC_PREFIX_HEADER = "8/8-Prefix.pch";
				PRODUCT_NAME = "$(TARGET_NAME)";
			};
			name = Release;
		};
/* End XCBuildConfiguration section */

/* Begin XCConfigurationList section */
		14BE306615A84A0700506E18 /* Build configuration list for PBXProject "8" */ = {
			isa = XCConfigurationList;
			buildConfigurations = (
				14BE307915A84A0700506E18 /* Debug */,
				14BE307A15A84A0700506E18 /* Release */,
			);
			defaultConfigurationIsVisible = 0;
			defaultConfigurationName = Release;
		};
		14BE307B15A84A0700506E18 /* Build configuration list for PBXNativeTarget "8" */ = {
			isa = XCConfigurationList;
			buildConfigurations = (
				14BE307C15A84A0700506E18 /* Debug */,
				14BE307D15A84A0700506E18 /* Release */,
			);
			defaultConfigurationIsVisible = 0;
		};
/* End XCConfigurationList section */
	};
	rootObject = 14BE306315A84A0700506E18 /* Project object */;
}
