// !$*UTF8*$!
{
	archiveVersion = 1;
	classes = {
	};
	objectVersion = 46;
	objects = {

/* Begin PBXBuildFile section */
		1479551B15B6C14D0012A7A6 /* Foundation.framework in Frameworks */ = {isa = PBXBuildFile; fileRef = 1479551A15B6C14D0012A7A6 /* Foundation.framework */; };
		1479551E15B6C14D0012A7A6 /* main.m in Sources */ = {isa = PBXBuildFile; fileRef = 1479551D15B6C14D0012A7A6 /* main.m */; };
		1479552215B6C14D0012A7A6 /* _8.1 in CopyFiles */ = {isa = PBXBuildFile; fileRef = 1479552115B6C14D0012A7A6 /* _8.1 */; };
/* End PBXBuildFile section */

/* Begin PBXCopyFilesBuildPhase section */
		1479551415B6C14D0012A7A6 /* CopyFiles */ = {
			isa = PBXCopyFilesBuildPhase;
			buildActionMask = 2147483647;
			dstPath = /usr/share/man/man1/;
			dstSubfolderSpec = 0;
			files = (
				1479552215B6C14D0012A7A6 /* _8.1 in CopyFiles */,
			);
			runOnlyForDeploymentPostprocessing = 1;
		};
/* End PBXCopyFilesBuildPhase section */

/* Begin PBXFileReference section */
		1479551615B6C14D0012A7A6 /* 28 */ = {isa = PBXFileReference; explicitFileType = "compiled.mach-o.executable"; includeInIndex = 0; path = 28; sourceTree = BUILT_PRODUCTS_DIR; };
		1479551A15B6C14D0012A7A6 /* Foundation.framework */ = {isa = PBXFileReference; lastKnownFileType = wrapper.framework; name = Foundation.framework; path = System/Library/Frameworks/Foundation.framework; sourceTree = SDKROOT; };
		1479551D15B6C14D0012A7A6 /* main.m */ = {isa = PBXFileReference; lastKnownFileType = sourcecode.c.objc; path = main.m; sourceTree = "<group>"; };
		1479552015B6C14D0012A7A6 /* 28-Prefix.pch */ = {isa = PBXFileReference; lastKnownFileType = sourcecode.c.h; path = "28-Prefix.pch"; sourceTree = "<group>"; };
		1479552115B6C14D0012A7A6 /* _8.1 */ = {isa = PBXFileReference; lastKnownFileType = text.man; path = _8.1; sourceTree = "<group>"; };
/* End PBXFileReference section */

/* Begin PBXFrameworksBuildPhase section */
		1479551315B6C14D0012A7A6 /* Frameworks */ = {
			isa = PBXFrameworksBuildPhase;
			buildActionMask = 2147483647;
			files = (
				1479551B15B6C14D0012A7A6 /* Foundation.framework in Frameworks */,
			);
			runOnlyForDeploymentPostprocessing = 0;
		};
/* End PBXFrameworksBuildPhase section */

/* Begin PBXGroup section */
		1479550B15B6C14C0012A7A6 = {
			isa = PBXGroup;
			children = (
				1479551C15B6C14D0012A7A6 /* 28 */,
				1479551915B6C14D0012A7A6 /* Frameworks */,
				1479551715B6C14D0012A7A6 /* Products */,
			);
			sourceTree = "<group>";
		};
		1479551715B6C14D0012A7A6 /* Products */ = {
			isa = PBXGroup;
			children = (
				1479551615B6C14D0012A7A6 /* 28 */,
			);
			name = Products;
			sourceTree = "<group>";
		};
		1479551915B6C14D0012A7A6 /* Frameworks */ = {
			isa = PBXGroup;
			children = (
				1479551A15B6C14D0012A7A6 /* Foundation.framework */,
			);
			name = Frameworks;
			sourceTree = "<group>";
		};
		1479551C15B6C14D0012A7A6 /* 28 */ = {
			isa = PBXGroup;
			children = (
				1479551D15B6C14D0012A7A6 /* main.m */,
				1479552115B6C14D0012A7A6 /* _8.1 */,
				1479551F15B6C14D0012A7A6 /* Supporting Files */,
			);
			path = 28;
			sourceTree = "<group>";
		};
		1479551F15B6C14D0012A7A6 /* Supporting Files */ = {
			isa = PBXGroup;
			children = (
				1479552015B6C14D0012A7A6 /* 28-Prefix.pch */,
			);
			name = "Supporting Files";
			sourceTree = "<group>";
		};
/* End PBXGroup section */

/* Begin PBXNativeTarget section */
		1479551515B6C14D0012A7A6 /* 28 */ = {
			isa = PBXNativeTarget;
			buildConfigurationList = 1479552515B6C14D0012A7A6 /* Build configuration list for PBXNativeTarget "28" */;
			buildPhases = (
				1479551215B6C14D0012A7A6 /* Sources */,
				1479551315B6C14D0012A7A6 /* Frameworks */,
				1479551415B6C14D0012A7A6 /* CopyFiles */,
			);
			buildRules = (
			);
			dependencies = (
			);
			name = 28;
			productName = 28;
			productReference = 1479551615B6C14D0012A7A6 /* 28 */;
			productType = "com.apple.product-type.tool";
		};
/* End PBXNativeTarget section */

/* Begin PBXProject section */
		1479550D15B6C14C0012A7A6 /* Project object */ = {
			isa = PBXProject;
			attributes = {
				LastUpgradeCheck = 0430;
			};
			buildConfigurationList = 1479551015B6C14C0012A7A6 /* Build configuration list for PBXProject "28" */;
			compatibilityVersion = "Xcode 3.2";
			developmentRegion = English;
			hasScannedForEncodings = 0;
			knownRegions = (
				en,
			);
			mainGroup = 1479550B15B6C14C0012A7A6;
			productRefGroup = 1479551715B6C14D0012A7A6 /* Products */;
			projectDirPath = "";
			projectRoot = "";
			targets = (
				1479551515B6C14D0012A7A6 /* 28 */,
			);
		};
/* End PBXProject section */

/* Begin PBXSourcesBuildPhase section */
		1479551215B6C14D0012A7A6 /* Sources */ = {
			isa = PBXSourcesBuildPhase;
			buildActionMask = 2147483647;
			files = (
				1479551E15B6C14D0012A7A6 /* main.m in Sources */,
			);
			runOnlyForDeploymentPostprocessing = 0;
		};
/* End PBXSourcesBuildPhase section */

/* Begin XCBuildConfiguration section */
		1479552315B6C14D0012A7A6 /* Debug */ = {
			isa = XCBuildConfiguration;
			buildSettings = {
				ALWAYS_SEARCH_USER_PATHS = NO;
				ARCHS = "$(ARCHS_STANDARD_64_BIT)";
				CLANG_ENABLE_OBJC_ARC = YES;
				COPY_PHASE_STRIP = NO;
				GCC_C_LANGUAGE_STANDARD = gnu99;
				GCC_DYNAMIC_NO_PIC = NO;
				GCC_ENABLE_OBJC_EXCEPTIONS = YES;
				GCC_OPTIMIZATION_LEVEL = 0;
				GCC_PREPROCESSOR_DEFINITIONS = (
					"DEBUG=1",
					"$(inherited)",
				);
				GCC_SYMBOLS_PRIVATE_EXTERN = NO;
				GCC_VERSION = com.apple.compilers.llvm.clang.1_0;
				GCC_WARN_64_TO_32_BIT_CONVERSION = YES;
				GCC_WARN_ABOUT_RETURN_TYPE = YES;
				GCC_WARN_UNINITIALIZED_AUTOS = YES;
				GCC_WARN_UNUSED_VARIABLE = YES;
				MACOSX_DEPLOYMENT_TARGET = 10.7;
				ONLY_ACTIVE_ARCH = YES;
				SDKROOT = macosx;
			};
			name = Debug;
		};
		1479552415B6C14D0012A7A6 /* Release */ = {
			isa = XCBuildConfiguration;
			buildSettings = {
				ALWAYS_SEARCH_USER_PATHS = NO;
				ARCHS = "$(ARCHS_STANDARD_64_BIT)";
				CLANG_ENABLE_OBJC_ARC = YES;
				COPY_PHASE_STRIP = YES;
				DEBUG_INFORMATION_FORMAT = "dwarf-with-dsym";
				GCC_C_LANGUAGE_STANDARD = gnu99;
				GCC_ENABLE_OBJC_EXCEPTIONS = YES;
				GCC_VERSION = com.apple.compilers.llvm.clang.1_0;
				GCC_WARN_64_TO_32_BIT_CONVERSION = YES;
				GCC_WARN_ABOUT_RETURN_TYPE = YES;
				GCC_WARN_UNINITIALIZED_AUTOS = YES;
				GCC_WARN_UNUSED_VARIABLE = YES;
				MACOSX_DEPLOYMENT_TARGET = 10.7;
				SDKROOT = macosx;
			};
			name = Release;
		};
		1479552615B6C14D0012A7A6 /* Debug */ = {
			isa = XCBuildConfiguration;
			buildSettings = {
				GCC_PRECOMPILE_PREFIX_HEADER = YES;
				GCC_PREFIX_HEADER = "28/28-Prefix.pch";
				PRODUCT_NAME = "$(TARGET_NAME)";
			};
			name = Debug;
		};
		1479552715B6C14D0012A7A6 /* Release */ = {
			isa = XCBuildConfiguration;
			buildSettings = {
				GCC_PRECOMPILE_PREFIX_HEADER = YES;
				GCC_PREFIX_HEADER = "28/28-Prefix.pch";
				PRODUCT_NAME = "$(TARGET_NAME)";
			};
			name = Release;
		};
/* End XCBuildConfiguration section */

/* Begin XCConfigurationList section */
		1479551015B6C14C0012A7A6 /* Build configuration list for PBXProject "28" */ = {
			isa = XCConfigurationList;
			buildConfigurations = (
				1479552315B6C14D0012A7A6 /* Debug */,
				1479552415B6C14D0012A7A6 /* Release */,
			);
			defaultConfigurationIsVisible = 0;
			defaultConfigurationName = Release;
		};
		1479552515B6C14D0012A7A6 /* Build configuration list for PBXNativeTarget "28" */ = {
			isa = XCConfigurationList;
			buildConfigurations = (
				1479552615B6C14D0012A7A6 /* Debug */,
				1479552715B6C14D0012A7A6 /* Release */,
			);
			defaultConfigurationIsVisible = 0;
		};
/* End XCConfigurationList section */
	};
	rootObject = 1479550D15B6C14C0012A7A6 /* Project object */;
}
