// !$*UTF8*$!
{
	archiveVersion = 1;
	classes = {
	};
	objectVersion = 46;
	objects = {

/* Begin PBXBuildFile section */
		14B2FF8815AD164B007A7F8D /* Foundation.framework in Frameworks */ = {isa = PBXBuildFile; fileRef = 14B2FF8715AD164B007A7F8D /* Foundation.framework */; };
		14B2FF8B15AD164B007A7F8D /* main.m in Sources */ = {isa = PBXBuildFile; fileRef = 14B2FF8A15AD164B007A7F8D /* main.m */; };
		14B2FF8F15AD164B007A7F8D /* _8.1 in CopyFiles */ = {isa = PBXBuildFile; fileRef = 14B2FF8E15AD164B007A7F8D /* _8.1 */; };
/* End PBXBuildFile section */

/* Begin PBXCopyFilesBuildPhase section */
		14B2FF8115AD164B007A7F8D /* CopyFiles */ = {
			isa = PBXCopyFilesBuildPhase;
			buildActionMask = 2147483647;
			dstPath = /usr/share/man/man1/;
			dstSubfolderSpec = 0;
			files = (
				14B2FF8F15AD164B007A7F8D /* _8.1 in CopyFiles */,
			);
			runOnlyForDeploymentPostprocessing = 1;
		};
/* End PBXCopyFilesBuildPhase section */

/* Begin PBXFileReference section */
		14B2FF8315AD164B007A7F8D /* 18 */ = {isa = PBXFileReference; explicitFileType = "compiled.mach-o.executable"; includeInIndex = 0; path = 18; sourceTree = BUILT_PRODUCTS_DIR; };
		14B2FF8715AD164B007A7F8D /* Foundation.framework */ = {isa = PBXFileReference; lastKnownFileType = wrapper.framework; name = Foundation.framework; path = System/Library/Frameworks/Foundation.framework; sourceTree = SDKROOT; };
		14B2FF8A15AD164B007A7F8D /* main.m */ = {isa = PBXFileReference; lastKnownFileType = sourcecode.c.objc; path = main.m; sourceTree = "<group>"; };
		14B2FF8D15AD164B007A7F8D /* 18-Prefix.pch */ = {isa = PBXFileReference; lastKnownFileType = sourcecode.c.h; path = "18-Prefix.pch"; sourceTree = "<group>"; };
		14B2FF8E15AD164B007A7F8D /* _8.1 */ = {isa = PBXFileReference; lastKnownFileType = text.man; path = _8.1; sourceTree = "<group>"; };
/* End PBXFileReference section */

/* Begin PBXFrameworksBuildPhase section */
		14B2FF8015AD164B007A7F8D /* Frameworks */ = {
			isa = PBXFrameworksBuildPhase;
			buildActionMask = 2147483647;
			files = (
				14B2FF8815AD164B007A7F8D /* Foundation.framework in Frameworks */,
			);
			runOnlyForDeploymentPostprocessing = 0;
		};
/* End PBXFrameworksBuildPhase section */

/* Begin PBXGroup section */
		14B2FF7815AD164A007A7F8D = {
			isa = PBXGroup;
			children = (
				14B2FF8915AD164B007A7F8D /* 18 */,
				14B2FF8615AD164B007A7F8D /* Frameworks */,
				14B2FF8415AD164B007A7F8D /* Products */,
			);
			sourceTree = "<group>";
		};
		14B2FF8415AD164B007A7F8D /* Products */ = {
			isa = PBXGroup;
			children = (
				14B2FF8315AD164B007A7F8D /* 18 */,
			);
			name = Products;
			sourceTree = "<group>";
		};
		14B2FF8615AD164B007A7F8D /* Frameworks */ = {
			isa = PBXGroup;
			children = (
				14B2FF8715AD164B007A7F8D /* Foundation.framework */,
			);
			name = Frameworks;
			sourceTree = "<group>";
		};
		14B2FF8915AD164B007A7F8D /* 18 */ = {
			isa = PBXGroup;
			children = (
				14B2FF8A15AD164B007A7F8D /* main.m */,
				14B2FF8E15AD164B007A7F8D /* _8.1 */,
				14B2FF8C15AD164B007A7F8D /* Supporting Files */,
			);
			path = 18;
			sourceTree = "<group>";
		};
		14B2FF8C15AD164B007A7F8D /* Supporting Files */ = {
			isa = PBXGroup;
			children = (
				14B2FF8D15AD164B007A7F8D /* 18-Prefix.pch */,
			);
			name = "Supporting Files";
			sourceTree = "<group>";
		};
/* End PBXGroup section */

/* Begin PBXNativeTarget section */
		14B2FF8215AD164B007A7F8D /* 18 */ = {
			isa = PBXNativeTarget;
			buildConfigurationList = 14B2FF9215AD164B007A7F8D /* Build configuration list for PBXNativeTarget "18" */;
			buildPhases = (
				14B2FF7F15AD164B007A7F8D /* Sources */,
				14B2FF8015AD164B007A7F8D /* Frameworks */,
				14B2FF8115AD164B007A7F8D /* CopyFiles */,
			);
			buildRules = (
			);
			dependencies = (
			);
			name = 18;
			productName = 18;
			productReference = 14B2FF8315AD164B007A7F8D /* 18 */;
			productType = "com.apple.product-type.tool";
		};
/* End PBXNativeTarget section */

/* Begin PBXProject section */
		14B2FF7A15AD164A007A7F8D /* Project object */ = {
			isa = PBXProject;
			attributes = {
				LastUpgradeCheck = 0430;
			};
			buildConfigurationList = 14B2FF7D15AD164A007A7F8D /* Build configuration list for PBXProject "18" */;
			compatibilityVersion = "Xcode 3.2";
			developmentRegion = English;
			hasScannedForEncodings = 0;
			knownRegions = (
				en,
			);
			mainGroup = 14B2FF7815AD164A007A7F8D;
			productRefGroup = 14B2FF8415AD164B007A7F8D /* Products */;
			projectDirPath = "";
			projectRoot = "";
			targets = (
				14B2FF8215AD164B007A7F8D /* 18 */,
			);
		};
/* End PBXProject section */

/* Begin PBXSourcesBuildPhase section */
		14B2FF7F15AD164B007A7F8D /* Sources */ = {
			isa = PBXSourcesBuildPhase;
			buildActionMask = 2147483647;
			files = (
				14B2FF8B15AD164B007A7F8D /* main.m in Sources */,
			);
			runOnlyForDeploymentPostprocessing = 0;
		};
/* End PBXSourcesBuildPhase section */

/* Begin XCBuildConfiguration section */
		14B2FF9015AD164B007A7F8D /* Debug */ = {
			isa = XCBuildConfiguration;
			buildSettings = {
				ALWAYS_SEARCH_USER_PATHS = NO;
				ARCHS = "$(ARCHS_STANDARD_64_BIT)";
				CLANG_ENABLE_OBJC_ARC = YES;
				COPY_PHASE_STRIP = NO;
				GCC_C_LANGUAGE_STANDARD = gnu99;
				GCC_DYNAMIC_NO_PIC = NO;
				GCC_ENABLE_OBJC_EXCEPTIONS = YES;
				GCC_OPTIMIZATION_LEVEL = 0;
				GCC_PREPROCESSOR_DEFINITIONS = (
					"DEBUG=1",
					"$(inherited)",
				);
				GCC_SYMBOLS_PRIVATE_EXTERN = NO;
				GCC_VERSION = com.apple.compilers.llvm.clang.1_0;
				GCC_WARN_64_TO_32_BIT_CONVERSION = YES;
				GCC_WARN_ABOUT_RETURN_TYPE = YES;
				GCC_WARN_UNINITIALIZED_AUTOS = YES;
				GCC_WARN_UNUSED_VARIABLE = YES;
				MACOSX_DEPLOYMENT_TARGET = 10.7;
				ONLY_ACTIVE_ARCH = YES;
				SDKROOT = macosx;
			};
			name = Debug;
		};
		14B2FF9115AD164B007A7F8D /* Release */ = {
			isa = XCBuildConfiguration;
			buildSettings = {
				ALWAYS_SEARCH_USER_PATHS = NO;
				ARCHS = "$(ARCHS_STANDARD_64_BIT)";
				CLANG_ENABLE_OBJC_ARC = YES;
				COPY_PHASE_STRIP = YES;
				DEBUG_INFORMATION_FORMAT = "dwarf-with-dsym";
				GCC_C_LANGUAGE_STANDARD = gnu99;
				GCC_ENABLE_OBJC_EXCEPTIONS = YES;
				GCC_VERSION = com.apple.compilers.llvm.clang.1_0;
				GCC_WARN_64_TO_32_BIT_CONVERSION = YES;
				GCC_WARN_ABOUT_RETURN_TYPE = YES;
				GCC_WARN_UNINITIALIZED_AUTOS = YES;
				GCC_WARN_UNUSED_VARIABLE = YES;
				MACOSX_DEPLOYMENT_TARGET = 10.7;
				SDKROOT = macosx;
			};
			name = Release;
		};
		14B2FF9315AD164B007A7F8D /* Debug */ = {
			isa = XCBuildConfiguration;
			buildSettings = {
				GCC_PRECOMPILE_PREFIX_HEADER = YES;
				GCC_PREFIX_HEADER = "18/18-Prefix.pch";
				PRODUCT_NAME = "$(TARGET_NAME)";
			};
			name = Debug;
		};
		14B2FF9415AD164B007A7F8D /* Release */ = {
			isa = XCBuildConfiguration;
			buildSettings = {
				GCC_PRECOMPILE_PREFIX_HEADER = YES;
				GCC_PREFIX_HEADER = "18/18-Prefix.pch";
				PRODUCT_NAME = "$(TARGET_NAME)";
			};
			name = Release;
		};
/* End XCBuildConfiguration section */

/* Begin XCConfigurationList section */
		14B2FF7D15AD164A007A7F8D /* Build configuration list for PBXProject "18" */ = {
			isa = XCConfigurationList;
			buildConfigurations = (
				14B2FF9015AD164B007A7F8D /* Debug */,
				14B2FF9115AD164B007A7F8D /* Release */,
			);
			defaultConfigurationIsVisible = 0;
			defaultConfigurationName = Release;
		};
		14B2FF9215AD164B007A7F8D /* Build configuration list for PBXNativeTarget "18" */ = {
			isa = XCConfigurationList;
			buildConfigurations = (
				14B2FF9315AD164B007A7F8D /* Debug */,
				14B2FF9415AD164B007A7F8D /* Release */,
			);
			defaultConfigurationIsVisible = 0;
		};
/* End XCConfigurationList section */
	};
	rootObject = 14B2FF7A15AD164A007A7F8D /* Project object */;
}
