// !$*UTF8*$!
{
	archiveVersion = 1;
	classes = {
	};
	objectVersion = 46;
	objects = {

/* Begin PBXBuildFile section */
		14F0E84F15D4AE6E0015E609 /* BlueViewController.m in Sources */ = {isa = PBXBuildFile; fileRef = 14F0E84A15D4AE6E0015E609 /* BlueViewController.m */; };
		14F0E85015D4AE6E0015E609 /* SwitchViewController.m in Sources */ = {isa = PBXBuildFile; fileRef = 14F0E84C15D4AE6E0015E609 /* SwitchViewController.m */; };
		14F0E85115D4AE6E0015E609 /* YellowViewController.m in Sources */ = {isa = PBXBuildFile; fileRef = 14F0E84E15D4AE6E0015E609 /* YellowViewController.m */; };
		A202E77C1566E1A6003F61B2 /* UIKit.framework in Frameworks */ = {isa = PBXBuildFile; fileRef = A202E77B1566E1A6003F61B2 /* UIKit.framework */; };
		A202E77E1566E1A6003F61B2 /* Foundation.framework in Frameworks */ = {isa = PBXBuildFile; fileRef = A202E77D1566E1A6003F61B2 /* Foundation.framework */; };
		A202E7801566E1A6003F61B2 /* CoreGraphics.framework in Frameworks */ = {isa = PBXBuildFile; fileRef = A202E77F1566E1A6003F61B2 /* CoreGraphics.framework */; };
		A202E7861566E1A6003F61B2 /* InfoPlist.strings in Resources */ = {isa = PBXBuildFile; fileRef = A202E7841566E1A6003F61B2 /* InfoPlist.strings */; };
		A202E7881566E1A6003F61B2 /* main.m in Sources */ = {isa = PBXBuildFile; fileRef = A202E7871566E1A6003F61B2 /* main.m */; };
		A202E78C1566E1A7003F61B2 /* ViewSwitcherAppDelegate.m in Sources */ = {isa = PBXBuildFile; fileRef = A202E78B1566E1A7003F61B2 /* ViewSwitcherAppDelegate.m */; };
		A202E79C1566E277003F61B2 /* SwitchView.xib in Resources */ = {isa = PBXBuildFile; fileRef = A202E79B1566E277003F61B2 /* SwitchView.xib */; };
		A202E79E1566E28B003F61B2 /* BlueView.xib in Resources */ = {isa = PBXBuildFile; fileRef = A202E79D1566E28B003F61B2 /* BlueView.xib */; };
		A202E7A01566E29A003F61B2 /* YellowView.xib in Resources */ = {isa = PBXBuildFile; fileRef = A202E79F1566E29A003F61B2 /* YellowView.xib */; };
/* End PBXBuildFile section */

/* Begin PBXFileReference section */
		14F0E84915D4AE6E0015E609 /* BlueViewController.h */ = {isa = PBXFileReference; fileEncoding = 4; lastKnownFileType = sourcecode.c.h; path = BlueViewController.h; sourceTree = "<group>"; };
		14F0E84A15D4AE6E0015E609 /* BlueViewController.m */ = {isa = PBXFileReference; fileEncoding = 4; lastKnownFileType = sourcecode.c.objc; path = BlueViewController.m; sourceTree = "<group>"; };
		14F0E84B15D4AE6E0015E609 /* SwitchViewController.h */ = {isa = PBXFileReference; fileEncoding = 4; lastKnownFileType = sourcecode.c.h; path = SwitchViewController.h; sourceTree = "<group>"; };
		14F0E84C15D4AE6E0015E609 /* SwitchViewController.m */ = {isa = PBXFileReference; fileEncoding = 4; lastKnownFileType = sourcecode.c.objc; path = SwitchViewController.m; sourceTree = "<group>"; };
		14F0E84D15D4AE6E0015E609 /* YellowViewController.h */ = {isa = PBXFileReference; fileEncoding = 4; lastKnownFileType = sourcecode.c.h; path = YellowViewController.h; sourceTree = "<group>"; };
		14F0E84E15D4AE6E0015E609 /* YellowViewController.m */ = {isa = PBXFileReference; fileEncoding = 4; lastKnownFileType = sourcecode.c.objc; path = YellowViewController.m; sourceTree = "<group>"; };
		A202E7771566E1A6003F61B2 /* 03_ViewSwitch.app */ = {isa = PBXFileReference; explicitFileType = wrapper.application; includeInIndex = 0; path = 03_ViewSwitch.app; sourceTree = BUILT_PRODUCTS_DIR; };
		A202E77B1566E1A6003F61B2 /* UIKit.framework */ = {isa = PBXFileReference; lastKnownFileType = wrapper.framework; name = UIKit.framework; path = System/Library/Frameworks/UIKit.framework; sourceTree = SDKROOT; };
		A202E77D1566E1A6003F61B2 /* Foundation.framework */ = {isa = PBXFileReference; lastKnownFileType = wrapper.framework; name = Foundation.framework; path = System/Library/Frameworks/Foundation.framework; sourceTree = SDKROOT; };
		A202E77F1566E1A6003F61B2 /* CoreGraphics.framework */ = {isa = PBXFileReference; lastKnownFileType = wrapper.framework; name = CoreGraphics.framework; path = System/Library/Frameworks/CoreGraphics.framework; sourceTree = SDKROOT; };
		A202E7831566E1A6003F61B2 /* 03_ViewSwitch-Info.plist */ = {isa = PBXFileReference; path = "03_ViewSwitch-Info.plist"; sourceTree = "<group>"; };
		A202E7851566E1A6003F61B2 /* en */ = {isa = PBXFileReference; lastKnownFileType = text.plist.strings; name = en; path = en.lproj/InfoPlist.strings; sourceTree = "<group>"; };
		A202E7871566E1A6003F61B2 /* main.m */ = {isa = PBXFileReference; lastKnownFileType = sourcecode.c.objc; path = main.m; sourceTree = "<group>"; };
		A202E7891566E1A6003F61B2 /* 03_ViewSwitch-Prefix.pch */ = {isa = PBXFileReference; path = "03_ViewSwitch-Prefix.pch"; sourceTree = "<group>"; };
		A202E78A1566E1A6003F61B2 /* ViewSwitcherAppDelegate.h */ = {isa = PBXFileReference; lastKnownFileType = sourcecode.c.h; path = ViewSwitcherAppDelegate.h; sourceTree = "<group>"; };
		A202E78B1566E1A7003F61B2 /* ViewSwitcherAppDelegate.m */ = {isa = PBXFileReference; lastKnownFileType = sourcecode.c.objc; path = ViewSwitcherAppDelegate.m; sourceTree = "<group>"; };
		A202E79B1566E277003F61B2 /* SwitchView.xib */ = {isa = PBXFileReference; fileEncoding = 4; lastKnownFileType = file.xib; path = SwitchView.xib; sourceTree = "<group>"; };
		A202E79D1566E28B003F61B2 /* BlueView.xib */ = {isa = PBXFileReference; fileEncoding = 4; lastKnownFileType = file.xib; path = BlueView.xib; sourceTree = "<group>"; };
		A202E79F1566E29A003F61B2 /* YellowView.xib */ = {isa = PBXFileReference; fileEncoding = 4; lastKnownFileType = file.xib; path = YellowView.xib; sourceTree = "<group>"; };
/* End PBXFileReference section */

/* Begin PBXFrameworksBuildPhase section */
		A202E7741566E1A6003F61B2 /* Frameworks */ = {
			isa = PBXFrameworksBuildPhase;
			buildActionMask = 2147483647;
			files = (
				A202E77C1566E1A6003F61B2 /* UIKit.framework in Frameworks */,
				A202E77E1566E1A6003F61B2 /* Foundation.framework in Frameworks */,
				A202E7801566E1A6003F61B2 /* CoreGraphics.framework in Frameworks */,
			);
			runOnlyForDeploymentPostprocessing = 0;
		};
/* End PBXFrameworksBuildPhase section */

/* Begin PBXGroup section */
		A202E76C1566E1A6003F61B2 = {
			isa = PBXGroup;
			children = (
				A202E7811566E1A6003F61B2 /* 03_ViewSwitch */,
				A202E77A1566E1A6003F61B2 /* Frameworks */,
				A202E7781566E1A6003F61B2 /* Products */,
			);
			sourceTree = "<group>";
		};
		A202E7781566E1A6003F61B2 /* Products */ = {
			isa = PBXGroup;
			children = (
				A202E7771566E1A6003F61B2 /* 03_ViewSwitch.app */,
			);
			name = Products;
			sourceTree = "<group>";
		};
		A202E77A1566E1A6003F61B2 /* Frameworks */ = {
			isa = PBXGroup;
			children = (
				A202E77B1566E1A6003F61B2 /* UIKit.framework */,
				A202E77D1566E1A6003F61B2 /* Foundation.framework */,
				A202E77F1566E1A6003F61B2 /* CoreGraphics.framework */,
			);
			name = Frameworks;
			sourceTree = "<group>";
		};
		A202E7811566E1A6003F61B2 /* 03_ViewSwitch */ = {
			isa = PBXGroup;
			children = (
				14F0E84915D4AE6E0015E609 /* BlueViewController.h */,
				14F0E84A15D4AE6E0015E609 /* BlueViewController.m */,
				14F0E84B15D4AE6E0015E609 /* SwitchViewController.h */,
				14F0E84C15D4AE6E0015E609 /* SwitchViewController.m */,
				14F0E84D15D4AE6E0015E609 /* YellowViewController.h */,
				14F0E84E15D4AE6E0015E609 /* YellowViewController.m */,
				A202E78A1566E1A6003F61B2 /* ViewSwitcherAppDelegate.h */,
				A202E78B1566E1A7003F61B2 /* ViewSwitcherAppDelegate.m */,
				A202E7821566E1A6003F61B2 /* Supporting Files */,
				A202E79B1566E277003F61B2 /* SwitchView.xib */,
				A202E79D1566E28B003F61B2 /* BlueView.xib */,
				A202E79F1566E29A003F61B2 /* YellowView.xib */,
			);
			name = 03_ViewSwitch;
			path = 06_ViewSwitch;
			sourceTree = "<group>";
		};
		A202E7821566E1A6003F61B2 /* Supporting Files */ = {
			isa = PBXGroup;
			children = (
				A202E7831566E1A6003F61B2 /* 03_ViewSwitch-Info.plist */,
				A202E7841566E1A6003F61B2 /* InfoPlist.strings */,
				A202E7871566E1A6003F61B2 /* main.m */,
				A202E7891566E1A6003F61B2 /* 03_ViewSwitch-Prefix.pch */,
			);
			name = "Supporting Files";
			sourceTree = "<group>";
		};
/* End PBXGroup section */

/* Begin PBXNativeTarget section */
		A202E7761566E1A6003F61B2 /* 03_ViewSwitch */ = {
			isa = PBXNativeTarget;
			buildConfigurationList = A202E78F1566E1A7003F61B2 /* Build configuration list for PBXNativeTarget "03_ViewSwitch" */;
			buildPhases = (
				A202E7731566E1A6003F61B2 /* Sources */,
				A202E7741566E1A6003F61B2 /* Frameworks */,
				A202E7751566E1A6003F61B2 /* Resources */,
			);
			buildRules = (
			);
			dependencies = (
			);
			name = 03_ViewSwitch;
			productName = 06_ViewSwitch;
			productReference = A202E7771566E1A6003F61B2 /* 03_ViewSwitch.app */;
			productType = "com.apple.product-type.application";
		};
/* End PBXNativeTarget section */

/* Begin PBXProject section */
		A202E76E1566E1A6003F61B2 /* Project object */ = {
			isa = PBXProject;
			attributes = {
				CLASSPREFIX = ViewSwitcher;
				LastUpgradeCheck = 0430;
				ORGANIZATIONNAME = Accenture;
			};
			buildConfigurationList = A202E7711566E1A6003F61B2 /* Build configuration list for PBXProject "03_ViewSwitch" */;
			compatibilityVersion = "Xcode 3.2";
			developmentRegion = English;
			hasScannedForEncodings = 0;
			knownRegions = (
				en,
			);
			mainGroup = A202E76C1566E1A6003F61B2;
			productRefGroup = A202E7781566E1A6003F61B2 /* Products */;
			projectDirPath = "";
			projectRoot = "";
			targets = (
				A202E7761566E1A6003F61B2 /* 03_ViewSwitch */,
			);
		};
/* End PBXProject section */

/* Begin PBXResourcesBuildPhase section */
		A202E7751566E1A6003F61B2 /* Resources */ = {
			isa = PBXResourcesBuildPhase;
			buildActionMask = 2147483647;
			files = (
				A202E7861566E1A6003F61B2 /* InfoPlist.strings in Resources */,
				A202E79C1566E277003F61B2 /* SwitchView.xib in Resources */,
				A202E79E1566E28B003F61B2 /* BlueView.xib in Resources */,
				A202E7A01566E29A003F61B2 /* YellowView.xib in Resources */,
			);
			runOnlyForDeploymentPostprocessing = 0;
		};
/* End PBXResourcesBuildPhase section */

/* Begin PBXSourcesBuildPhase section */
		A202E7731566E1A6003F61B2 /* Sources */ = {
			isa = PBXSourcesBuildPhase;
			buildActionMask = 2147483647;
			files = (
				A202E7881566E1A6003F61B2 /* main.m in Sources */,
				A202E78C1566E1A7003F61B2 /* ViewSwitcherAppDelegate.m in Sources */,
				14F0E84F15D4AE6E0015E609 /* BlueViewController.m in Sources */,
				14F0E85015D4AE6E0015E609 /* SwitchViewController.m in Sources */,
				14F0E85115D4AE6E0015E609 /* YellowViewController.m in Sources */,
			);
			runOnlyForDeploymentPostprocessing = 0;
		};
/* End PBXSourcesBuildPhase section */

/* Begin PBXVariantGroup section */
		A202E7841566E1A6003F61B2 /* InfoPlist.strings */ = {
			isa = PBXVariantGroup;
			children = (
				A202E7851566E1A6003F61B2 /* en */,
			);
			name = InfoPlist.strings;
			sourceTree = "<group>";
		};
/* End PBXVariantGroup section */

/* Begin XCBuildConfiguration section */
		A202E78D1566E1A7003F61B2 /* Debug */ = {
			isa = XCBuildConfiguration;
			buildSettings = {
				ALWAYS_SEARCH_USER_PATHS = NO;
				ARCHS = "$(ARCHS_STANDARD_32_BIT)";
				CLANG_ENABLE_OBJC_ARC = YES;
				"CODE_SIGN_IDENTITY[sdk=iphoneos*]" = "iPhone Developer";
				COPY_PHASE_STRIP = NO;
				GCC_C_LANGUAGE_STANDARD = gnu99;
				GCC_DYNAMIC_NO_PIC = NO;
				GCC_OPTIMIZATION_LEVEL = 0;
				GCC_PREPROCESSOR_DEFINITIONS = (
					"DEBUG=1",
					"$(inherited)",
				);
				GCC_SYMBOLS_PRIVATE_EXTERN = NO;
				GCC_VERSION = com.apple.compilers.llvm.clang.1_0;
				GCC_WARN_ABOUT_RETURN_TYPE = YES;
				GCC_WARN_UNINITIALIZED_AUTOS = YES;
				GCC_WARN_UNUSED_VARIABLE = YES;
				IPHONEOS_DEPLOYMENT_TARGET = 5.1;
				SDKROOT = iphoneos;
			};
			name = Debug;
		};
		A202E78E1566E1A7003F61B2 /* Release */ = {
			isa = XCBuildConfiguration;
			buildSettings = {
				ALWAYS_SEARCH_USER_PATHS = NO;
				ARCHS = "$(ARCHS_STANDARD_32_BIT)";
				CLANG_ENABLE_OBJC_ARC = YES;
				"CODE_SIGN_IDENTITY[sdk=iphoneos*]" = "iPhone Developer";
				COPY_PHASE_STRIP = YES;
				GCC_C_LANGUAGE_STANDARD = gnu99;
				GCC_VERSION = com.apple.compilers.llvm.clang.1_0;
				GCC_WARN_ABOUT_RETURN_TYPE = YES;
				GCC_WARN_UNINITIALIZED_AUTOS = YES;
				GCC_WARN_UNUSED_VARIABLE = YES;
				IPHONEOS_DEPLOYMENT_TARGET = 5.1;
				OTHER_CFLAGS = "-DNS_BLOCK_ASSERTIONS=1";
				SDKROOT = iphoneos;
				VALIDATE_PRODUCT = YES;
			};
			name = Release;
		};
		A202E7901566E1A7003F61B2 /* Debug */ = {
			isa = XCBuildConfiguration;
			buildSettings = {
				GCC_PRECOMPILE_PREFIX_HEADER = YES;
				GCC_PREFIX_HEADER = "06_ViewSwitch/03_ViewSwitch-Prefix.pch";
				INFOPLIST_FILE = "06_ViewSwitch/03_ViewSwitch-Info.plist";
				PRODUCT_NAME = 03_ViewSwitch;
				WRAPPER_EXTENSION = app;
			};
			name = Debug;
		};
		A202E7911566E1A7003F61B2 /* Release */ = {
			isa = XCBuildConfiguration;
			buildSettings = {
				GCC_PRECOMPILE_PREFIX_HEADER = YES;
				GCC_PREFIX_HEADER = "06_ViewSwitch/03_ViewSwitch-Prefix.pch";
				INFOPLIST_FILE = "06_ViewSwitch/03_ViewSwitch-Info.plist";
				PRODUCT_NAME = 03_ViewSwitch;
				WRAPPER_EXTENSION = app;
			};
			name = Release;
		};
/* End XCBuildConfiguration section */

/* Begin XCConfigurationList section */
		A202E7711566E1A6003F61B2 /* Build configuration list for PBXProject "03_ViewSwitch" */ = {
			isa = XCConfigurationList;
			buildConfigurations = (
				A202E78D1566E1A7003F61B2 /* Debug */,
				A202E78E1566E1A7003F61B2 /* Release */,
			);
			defaultConfigurationIsVisible = 0;
			defaultConfigurationName = Release;
		};
		A202E78F1566E1A7003F61B2 /* Build configuration list for PBXNativeTarget "03_ViewSwitch" */ = {
			isa = XCConfigurationList;
			buildConfigurations = (
				A202E7901566E1A7003F61B2 /* Debug */,
				A202E7911566E1A7003F61B2 /* Release */,
			);
			defaultConfigurationIsVisible = 0;
			defaultConfigurationName = Release;
		};
/* End XCConfigurationList section */
	};
	rootObject = A202E76E1566E1A6003F61B2 /* Project object */;
}
