// !$*UTF8*$!
{
	archiveVersion = 1;
	classes = {
	};
	objectVersion = 46;
	objects = {

/* Begin PBXBuildFile section */
		14B200BB15ADA054007A7F8D /* Foundation.framework in Frameworks */ = {isa = PBXBuildFile; fileRef = 14B200BA15ADA054007A7F8D /* Foundation.framework */; };
		14B200BE15ADA054007A7F8D /* main.m in Sources */ = {isa = PBXBuildFile; fileRef = 14B200BD15ADA054007A7F8D /* main.m */; };
		14B200C215ADA054007A7F8D /* _7.1 in CopyFiles */ = {isa = PBXBuildFile; fileRef = 14B200C115ADA054007A7F8D /* _7.1 */; };
/* End PBXBuildFile section */

/* Begin PBXCopyFilesBuildPhase section */
		14B200B415ADA054007A7F8D /* CopyFiles */ = {
			isa = PBXCopyFilesBuildPhase;
			buildActionMask = 2147483647;
			dstPath = /usr/share/man/man1/;
			dstSubfolderSpec = 0;
			files = (
				14B200C215ADA054007A7F8D /* _7.1 in CopyFiles */,
			);
			runOnlyForDeploymentPostprocessing = 1;
		};
/* End PBXCopyFilesBuildPhase section */

/* Begin PBXFileReference section */
		14B200B615ADA054007A7F8D /* 27 */ = {isa = PBXFileReference; explicitFileType = "compiled.mach-o.executable"; includeInIndex = 0; path = 27; sourceTree = BUILT_PRODUCTS_DIR; };
		14B200BA15ADA054007A7F8D /* Foundation.framework */ = {isa = PBXFileReference; lastKnownFileType = wrapper.framework; name = Foundation.framework; path = System/Library/Frameworks/Foundation.framework; sourceTree = SDKROOT; };
		14B200BD15ADA054007A7F8D /* main.m */ = {isa = PBXFileReference; lastKnownFileType = sourcecode.c.objc; path = main.m; sourceTree = "<group>"; };
		14B200C015ADA054007A7F8D /* 27-Prefix.pch */ = {isa = PBXFileReference; lastKnownFileType = sourcecode.c.h; path = "27-Prefix.pch"; sourceTree = "<group>"; };
		14B200C115ADA054007A7F8D /* _7.1 */ = {isa = PBXFileReference; lastKnownFileType = text.man; path = _7.1; sourceTree = "<group>"; };
		14B200C815ADA86A007A7F8D /* testfile */ = {isa = PBXFileReference; fileEncoding = 4; lastKnownFileType = text; name = testfile; path = Build/Products/Debug/testfile; sourceTree = "<group>"; };
/* End PBXFileReference section */

/* Begin PBXFrameworksBuildPhase section */
		14B200B315ADA054007A7F8D /* Frameworks */ = {
			isa = PBXFrameworksBuildPhase;
			buildActionMask = 2147483647;
			files = (
				14B200BB15ADA054007A7F8D /* Foundation.framework in Frameworks */,
			);
			runOnlyForDeploymentPostprocessing = 0;
		};
/* End PBXFrameworksBuildPhase section */

/* Begin PBXGroup section */
		14B200AB15ADA054007A7F8D = {
			isa = PBXGroup;
			children = (
				14B200C815ADA86A007A7F8D /* testfile */,
				14B200BC15ADA054007A7F8D /* 27 */,
				14B200B915ADA054007A7F8D /* Frameworks */,
				14B200B715ADA054007A7F8D /* Products */,
			);
			sourceTree = "<group>";
		};
		14B200B715ADA054007A7F8D /* Products */ = {
			isa = PBXGroup;
			children = (
				14B200B615ADA054007A7F8D /* 27 */,
			);
			name = Products;
			sourceTree = "<group>";
		};
		14B200B915ADA054007A7F8D /* Frameworks */ = {
			isa = PBXGroup;
			children = (
				14B200BA15ADA054007A7F8D /* Foundation.framework */,
			);
			name = Frameworks;
			sourceTree = "<group>";
		};
		14B200BC15ADA054007A7F8D /* 27 */ = {
			isa = PBXGroup;
			children = (
				14B200BD15ADA054007A7F8D /* main.m */,
				14B200C115ADA054007A7F8D /* _7.1 */,
				14B200BF15ADA054007A7F8D /* Supporting Files */,
			);
			path = 27;
			sourceTree = "<group>";
		};
		14B200BF15ADA054007A7F8D /* Supporting Files */ = {
			isa = PBXGroup;
			children = (
				14B200C015ADA054007A7F8D /* 27-Prefix.pch */,
			);
			name = "Supporting Files";
			sourceTree = "<group>";
		};
/* End PBXGroup section */

/* Begin PBXNativeTarget section */
		14B200B515ADA054007A7F8D /* 27 */ = {
			isa = PBXNativeTarget;
			buildConfigurationList = 14B200C515ADA054007A7F8D /* Build configuration list for PBXNativeTarget "27" */;
			buildPhases = (
				14B200B215ADA054007A7F8D /* Sources */,
				14B200B315ADA054007A7F8D /* Frameworks */,
				14B200B415ADA054007A7F8D /* CopyFiles */,
			);
			buildRules = (
			);
			dependencies = (
			);
			name = 27;
			productName = 27;
			productReference = 14B200B615ADA054007A7F8D /* 27 */;
			productType = "com.apple.product-type.tool";
		};
/* End PBXNativeTarget section */

/* Begin PBXProject section */
		14B200AD15ADA054007A7F8D /* Project object */ = {
			isa = PBXProject;
			attributes = {
				LastUpgradeCheck = 0430;
			};
			buildConfigurationList = 14B200B015ADA054007A7F8D /* Build configuration list for PBXProject "27" */;
			compatibilityVersion = "Xcode 3.2";
			developmentRegion = English;
			hasScannedForEncodings = 0;
			knownRegions = (
				en,
			);
			mainGroup = 14B200AB15ADA054007A7F8D;
			productRefGroup = 14B200B715ADA054007A7F8D /* Products */;
			projectDirPath = "";
			projectRoot = "";
			targets = (
				14B200B515ADA054007A7F8D /* 27 */,
			);
		};
/* End PBXProject section */

/* Begin PBXSourcesBuildPhase section */
		14B200B215ADA054007A7F8D /* Sources */ = {
			isa = PBXSourcesBuildPhase;
			buildActionMask = 2147483647;
			files = (
				14B200BE15ADA054007A7F8D /* main.m in Sources */,
			);
			runOnlyForDeploymentPostprocessing = 0;
		};
/* End PBXSourcesBuildPhase section */

/* Begin XCBuildConfiguration section */
		14B200C315ADA054007A7F8D /* Debug */ = {
			isa = XCBuildConfiguration;
			buildSettings = {
				ALWAYS_SEARCH_USER_PATHS = NO;
				ARCHS = "$(ARCHS_STANDARD_64_BIT)";
				CLANG_ENABLE_OBJC_ARC = YES;
				COPY_PHASE_STRIP = NO;
				GCC_C_LANGUAGE_STANDARD = gnu99;
				GCC_DYNAMIC_NO_PIC = NO;
				GCC_ENABLE_OBJC_EXCEPTIONS = YES;
				GCC_OPTIMIZATION_LEVEL = 0;
				GCC_PREPROCESSOR_DEFINITIONS = (
					"DEBUG=1",
					"$(inherited)",
				);
				GCC_SYMBOLS_PRIVATE_EXTERN = NO;
				GCC_VERSION = com.apple.compilers.llvm.clang.1_0;
				GCC_WARN_64_TO_32_BIT_CONVERSION = YES;
				GCC_WARN_ABOUT_RETURN_TYPE = YES;
				GCC_WARN_UNINITIALIZED_AUTOS = YES;
				GCC_WARN_UNUSED_VARIABLE = YES;
				MACOSX_DEPLOYMENT_TARGET = 10.7;
				ONLY_ACTIVE_ARCH = YES;
				SDKROOT = macosx;
			};
			name = Debug;
		};
		14B200C415ADA054007A7F8D /* Release */ = {
			isa = XCBuildConfiguration;
			buildSettings = {
				ALWAYS_SEARCH_USER_PATHS = NO;
				ARCHS = "$(ARCHS_STANDARD_64_BIT)";
				CLANG_ENABLE_OBJC_ARC = YES;
				COPY_PHASE_STRIP = YES;
				DEBUG_INFORMATION_FORMAT = "dwarf-with-dsym";
				GCC_C_LANGUAGE_STANDARD = gnu99;
				GCC_ENABLE_OBJC_EXCEPTIONS = YES;
				GCC_VERSION = com.apple.compilers.llvm.clang.1_0;
				GCC_WARN_64_TO_32_BIT_CONVERSION = YES;
				GCC_WARN_ABOUT_RETURN_TYPE = YES;
				GCC_WARN_UNINITIALIZED_AUTOS = YES;
				GCC_WARN_UNUSED_VARIABLE = YES;
				MACOSX_DEPLOYMENT_TARGET = 10.7;
				SDKROOT = macosx;
			};
			name = Release;
		};
		14B200C615ADA054007A7F8D /* Debug */ = {
			isa = XCBuildConfiguration;
			buildSettings = {
				GCC_PRECOMPILE_PREFIX_HEADER = YES;
				GCC_PREFIX_HEADER = "27/27-Prefix.pch";
				PRODUCT_NAME = "$(TARGET_NAME)";
			};
			name = Debug;
		};
		14B200C715ADA054007A7F8D /* Release */ = {
			isa = XCBuildConfiguration;
			buildSettings = {
				GCC_PRECOMPILE_PREFIX_HEADER = YES;
				GCC_PREFIX_HEADER = "27/27-Prefix.pch";
				PRODUCT_NAME = "$(TARGET_NAME)";
			};
			name = Release;
		};
/* End XCBuildConfiguration section */

/* Begin XCConfigurationList section */
		14B200B015ADA054007A7F8D /* Build configuration list for PBXProject "27" */ = {
			isa = XCConfigurationList;
			buildConfigurations = (
				14B200C315ADA054007A7F8D /* Debug */,
				14B200C415ADA054007A7F8D /* Release */,
			);
			defaultConfigurationIsVisible = 0;
			defaultConfigurationName = Release;
		};
		14B200C515ADA054007A7F8D /* Build configuration list for PBXNativeTarget "27" */ = {
			isa = XCConfigurationList;
			buildConfigurations = (
				14B200C615ADA054007A7F8D /* Debug */,
				14B200C715ADA054007A7F8D /* Release */,
			);
			defaultConfigurationIsVisible = 0;
		};
/* End XCConfigurationList section */
	};
	rootObject = 14B200AD15ADA054007A7F8D /* Project object */;
}
