// !$*UTF8*$!
{
	archiveVersion = 1;
	classes = {
	};
	objectVersion = 46;
	objects = {

/* Begin PBXBuildFile section */
		148283E915D284A000151383 /* UIKit.framework in Frameworks */ = {isa = PBXBuildFile; fileRef = 148283E815D284A000151383 /* UIKit.framework */; };
		148283EB15D284A000151383 /* Foundation.framework in Frameworks */ = {isa = PBXBuildFile; fileRef = 148283EA15D284A000151383 /* Foundation.framework */; };
		148283ED15D284A000151383 /* CoreGraphics.framework in Frameworks */ = {isa = PBXBuildFile; fileRef = 148283EC15D284A000151383 /* CoreGraphics.framework */; };
		148283F315D284A000151383 /* InfoPlist.strings in Resources */ = {isa = PBXBuildFile; fileRef = 148283F115D284A000151383 /* InfoPlist.strings */; };
		148283F515D284A000151383 /* main.m in Sources */ = {isa = PBXBuildFile; fileRef = 148283F415D284A000151383 /* main.m */; };
		148283F915D284A000151383 /* ButtonFunAppDelegate.m in Sources */ = {isa = PBXBuildFile; fileRef = 148283F815D284A000151383 /* ButtonFunAppDelegate.m */; };
		148283FC15D284A000151383 /* MainStoryboard.storyboard in Resources */ = {isa = PBXBuildFile; fileRef = 148283FA15D284A000151383 /* MainStoryboard.storyboard */; };
		148283FF15D284A000151383 /* ButtonFunViewController.m in Sources */ = {isa = PBXBuildFile; fileRef = 148283FE15D284A000151383 /* ButtonFunViewController.m */; };
/* End PBXBuildFile section */

/* Begin PBXFileReference section */
		148283E415D284A000151383 /* ButtonFun.app */ = {isa = PBXFileReference; explicitFileType = wrapper.application; includeInIndex = 0; path = ButtonFun.app; sourceTree = BUILT_PRODUCTS_DIR; };
		148283E815D284A000151383 /* UIKit.framework */ = {isa = PBXFileReference; lastKnownFileType = wrapper.framework; name = UIKit.framework; path = System/Library/Frameworks/UIKit.framework; sourceTree = SDKROOT; };
		148283EA15D284A000151383 /* Foundation.framework */ = {isa = PBXFileReference; lastKnownFileType = wrapper.framework; name = Foundation.framework; path = System/Library/Frameworks/Foundation.framework; sourceTree = SDKROOT; };
		148283EC15D284A000151383 /* CoreGraphics.framework */ = {isa = PBXFileReference; lastKnownFileType = wrapper.framework; name = CoreGraphics.framework; path = System/Library/Frameworks/CoreGraphics.framework; sourceTree = SDKROOT; };
		148283F015D284A000151383 /* ButtonFun-Info.plist */ = {isa = PBXFileReference; lastKnownFileType = text.plist.xml; path = "ButtonFun-Info.plist"; sourceTree = "<group>"; };
		148283F215D284A000151383 /* en */ = {isa = PBXFileReference; lastKnownFileType = text.plist.strings; name = en; path = en.lproj/InfoPlist.strings; sourceTree = "<group>"; };
		148283F415D284A000151383 /* main.m */ = {isa = PBXFileReference; lastKnownFileType = sourcecode.c.objc; path = main.m; sourceTree = "<group>"; };
		148283F615D284A000151383 /* ButtonFun-Prefix.pch */ = {isa = PBXFileReference; lastKnownFileType = sourcecode.c.h; path = "ButtonFun-Prefix.pch"; sourceTree = "<group>"; };
		148283F715D284A000151383 /* ButtonFunAppDelegate.h */ = {isa = PBXFileReference; lastKnownFileType = sourcecode.c.h; path = ButtonFunAppDelegate.h; sourceTree = "<group>"; };
		148283F815D284A000151383 /* ButtonFunAppDelegate.m */ = {isa = PBXFileReference; lastKnownFileType = sourcecode.c.objc; path = ButtonFunAppDelegate.m; sourceTree = "<group>"; };
		148283FB15D284A000151383 /* en */ = {isa = PBXFileReference; lastKnownFileType = file.storyboard; name = en; path = en.lproj/MainStoryboard.storyboard; sourceTree = "<group>"; };
		148283FD15D284A000151383 /* ButtonFunViewController.h */ = {isa = PBXFileReference; lastKnownFileType = sourcecode.c.h; path = ButtonFunViewController.h; sourceTree = "<group>"; };
		148283FE15D284A000151383 /* ButtonFunViewController.m */ = {isa = PBXFileReference; lastKnownFileType = sourcecode.c.objc; path = ButtonFunViewController.m; sourceTree = "<group>"; };
/* End PBXFileReference section */

/* Begin PBXFrameworksBuildPhase section */
		148283E115D284A000151383 /* Frameworks */ = {
			isa = PBXFrameworksBuildPhase;
			buildActionMask = 2147483647;
			files = (
				148283E915D284A000151383 /* UIKit.framework in Frameworks */,
				148283EB15D284A000151383 /* Foundation.framework in Frameworks */,
				148283ED15D284A000151383 /* CoreGraphics.framework in Frameworks */,
			);
			runOnlyForDeploymentPostprocessing = 0;
		};
/* End PBXFrameworksBuildPhase section */

/* Begin PBXGroup section */
		148283D915D284A000151383 = {
			isa = PBXGroup;
			children = (
				148283EE15D284A000151383 /* ButtonFun */,
				148283E715D284A000151383 /* Frameworks */,
				148283E515D284A000151383 /* Products */,
			);
			sourceTree = "<group>";
		};
		148283E515D284A000151383 /* Products */ = {
			isa = PBXGroup;
			children = (
				148283E415D284A000151383 /* ButtonFun.app */,
			);
			name = Products;
			sourceTree = "<group>";
		};
		148283E715D284A000151383 /* Frameworks */ = {
			isa = PBXGroup;
			children = (
				148283E815D284A000151383 /* UIKit.framework */,
				148283EA15D284A000151383 /* Foundation.framework */,
				148283EC15D284A000151383 /* CoreGraphics.framework */,
			);
			name = Frameworks;
			sourceTree = "<group>";
		};
		148283EE15D284A000151383 /* ButtonFun */ = {
			isa = PBXGroup;
			children = (
				148283F715D284A000151383 /* ButtonFunAppDelegate.h */,
				148283F815D284A000151383 /* ButtonFunAppDelegate.m */,
				148283FA15D284A000151383 /* MainStoryboard.storyboard */,
				148283FD15D284A000151383 /* ButtonFunViewController.h */,
				148283FE15D284A000151383 /* ButtonFunViewController.m */,
				148283EF15D284A000151383 /* Supporting Files */,
			);
			path = ButtonFun;
			sourceTree = "<group>";
		};
		148283EF15D284A000151383 /* Supporting Files */ = {
			isa = PBXGroup;
			children = (
				148283F015D284A000151383 /* ButtonFun-Info.plist */,
				148283F115D284A000151383 /* InfoPlist.strings */,
				148283F415D284A000151383 /* main.m */,
				148283F615D284A000151383 /* ButtonFun-Prefix.pch */,
			);
			name = "Supporting Files";
			sourceTree = "<group>";
		};
/* End PBXGroup section */

/* Begin PBXNativeTarget section */
		148283E315D284A000151383 /* ButtonFun */ = {
			isa = PBXNativeTarget;
			buildConfigurationList = 1482840215D284A000151383 /* Build configuration list for PBXNativeTarget "ButtonFun" */;
			buildPhases = (
				148283E015D284A000151383 /* Sources */,
				148283E115D284A000151383 /* Frameworks */,
				148283E215D284A000151383 /* Resources */,
			);
			buildRules = (
			);
			dependencies = (
			);
			name = ButtonFun;
			productName = ButtonFun;
			productReference = 148283E415D284A000151383 /* ButtonFun.app */;
			productType = "com.apple.product-type.application";
		};
/* End PBXNativeTarget section */

/* Begin PBXProject section */
		148283DB15D284A000151383 /* Project object */ = {
			isa = PBXProject;
			attributes = {
				CLASSPREFIX = ButtonFun;
				LastUpgradeCheck = 0430;
			};
			buildConfigurationList = 148283DE15D284A000151383 /* Build configuration list for PBXProject "ButtonFun" */;
			compatibilityVersion = "Xcode 3.2";
			developmentRegion = English;
			hasScannedForEncodings = 0;
			knownRegions = (
				en,
			);
			mainGroup = 148283D915D284A000151383;
			productRefGroup = 148283E515D284A000151383 /* Products */;
			projectDirPath = "";
			projectRoot = "";
			targets = (
				148283E315D284A000151383 /* ButtonFun */,
			);
		};
/* End PBXProject section */

/* Begin PBXResourcesBuildPhase section */
		148283E215D284A000151383 /* Resources */ = {
			isa = PBXResourcesBuildPhase;
			buildActionMask = 2147483647;
			files = (
				148283F315D284A000151383 /* InfoPlist.strings in Resources */,
				148283FC15D284A000151383 /* MainStoryboard.storyboard in Resources */,
			);
			runOnlyForDeploymentPostprocessing = 0;
		};
/* End PBXResourcesBuildPhase section */

/* Begin PBXSourcesBuildPhase section */
		148283E015D284A000151383 /* Sources */ = {
			isa = PBXSourcesBuildPhase;
			buildActionMask = 2147483647;
			files = (
				148283F515D284A000151383 /* main.m in Sources */,
				148283F915D284A000151383 /* ButtonFunAppDelegate.m in Sources */,
				148283FF15D284A000151383 /* ButtonFunViewController.m in Sources */,
			);
			runOnlyForDeploymentPostprocessing = 0;
		};
/* End PBXSourcesBuildPhase section */

/* Begin PBXVariantGroup section */
		148283F115D284A000151383 /* InfoPlist.strings */ = {
			isa = PBXVariantGroup;
			children = (
				148283F215D284A000151383 /* en */,
			);
			name = InfoPlist.strings;
			sourceTree = "<group>";
		};
		148283FA15D284A000151383 /* MainStoryboard.storyboard */ = {
			isa = PBXVariantGroup;
			children = (
				148283FB15D284A000151383 /* en */,
			);
			name = MainStoryboard.storyboard;
			sourceTree = "<group>";
		};
/* End PBXVariantGroup section */

/* Begin XCBuildConfiguration section */
		1482840015D284A000151383 /* Debug */ = {
			isa = XCBuildConfiguration;
			buildSettings = {
				ALWAYS_SEARCH_USER_PATHS = NO;
				ARCHS = "$(ARCHS_STANDARD_32_BIT)";
				CLANG_ENABLE_OBJC_ARC = YES;
				"CODE_SIGN_IDENTITY[sdk=iphoneos*]" = "iPhone Developer";
				COPY_PHASE_STRIP = NO;
				GCC_C_LANGUAGE_STANDARD = gnu99;
				GCC_DYNAMIC_NO_PIC = NO;
				GCC_OPTIMIZATION_LEVEL = 0;
				GCC_PREPROCESSOR_DEFINITIONS = (
					"DEBUG=1",
					"$(inherited)",
				);
				GCC_SYMBOLS_PRIVATE_EXTERN = NO;
				GCC_VERSION = com.apple.compilers.llvm.clang.1_0;
				GCC_WARN_ABOUT_RETURN_TYPE = YES;
				GCC_WARN_UNINITIALIZED_AUTOS = YES;
				GCC_WARN_UNUSED_VARIABLE = YES;
				IPHONEOS_DEPLOYMENT_TARGET = 5.1;
				SDKROOT = iphoneos;
			};
			name = Debug;
		};
		1482840115D284A000151383 /* Release */ = {
			isa = XCBuildConfiguration;
			buildSettings = {
				ALWAYS_SEARCH_USER_PATHS = NO;
				ARCHS = "$(ARCHS_STANDARD_32_BIT)";
				CLANG_ENABLE_OBJC_ARC = YES;
				"CODE_SIGN_IDENTITY[sdk=iphoneos*]" = "iPhone Developer";
				COPY_PHASE_STRIP = YES;
				GCC_C_LANGUAGE_STANDARD = gnu99;
				GCC_VERSION = com.apple.compilers.llvm.clang.1_0;
				GCC_WARN_ABOUT_RETURN_TYPE = YES;
				GCC_WARN_UNINITIALIZED_AUTOS = YES;
				GCC_WARN_UNUSED_VARIABLE = YES;
				IPHONEOS_DEPLOYMENT_TARGET = 5.1;
				OTHER_CFLAGS = "-DNS_BLOCK_ASSERTIONS=1";
				SDKROOT = iphoneos;
				VALIDATE_PRODUCT = YES;
			};
			name = Release;
		};
		1482840315D284A000151383 /* Debug */ = {
			isa = XCBuildConfiguration;
			buildSettings = {
				GCC_PRECOMPILE_PREFIX_HEADER = YES;
				GCC_PREFIX_HEADER = "ButtonFun/ButtonFun-Prefix.pch";
				INFOPLIST_FILE = "ButtonFun/ButtonFun-Info.plist";
				PRODUCT_NAME = "$(TARGET_NAME)";
				WRAPPER_EXTENSION = app;
			};
			name = Debug;
		};
		1482840415D284A000151383 /* Release */ = {
			isa = XCBuildConfiguration;
			buildSettings = {
				GCC_PRECOMPILE_PREFIX_HEADER = YES;
				GCC_PREFIX_HEADER = "ButtonFun/ButtonFun-Prefix.pch";
				INFOPLIST_FILE = "ButtonFun/ButtonFun-Info.plist";
				PRODUCT_NAME = "$(TARGET_NAME)";
				WRAPPER_EXTENSION = app;
			};
			name = Release;
		};
/* End XCBuildConfiguration section */

/* Begin XCConfigurationList section */
		148283DE15D284A000151383 /* Build configuration list for PBXProject "ButtonFun" */ = {
			isa = XCConfigurationList;
			buildConfigurations = (
				1482840015D284A000151383 /* Debug */,
				1482840115D284A000151383 /* Release */,
			);
			defaultConfigurationIsVisible = 0;
			defaultConfigurationName = Release;
		};
		1482840215D284A000151383 /* Build configuration list for PBXNativeTarget "ButtonFun" */ = {
			isa = XCConfigurationList;
			buildConfigurations = (
				1482840315D284A000151383 /* Debug */,
				1482840415D284A000151383 /* Release */,
			);
			defaultConfigurationIsVisible = 0;
		};
/* End XCConfigurationList section */
	};
	rootObject = 148283DB15D284A000151383 /* Project object */;
}
